
Microsoft Visual Studio Solution File, Format Version 12.00
# Visual Studio 2013
VisualStudioVersion = 12.0.21005.1
MinimumVisualStudioVersion = 10.0.40219.1
Project("{FAE04EC0-301F-11D3-BF4B-00C04F79EFBC}") = "PrintSharpClient", "PrintSharpClient\PrintSharpClient.csproj", "{C8FCA3A3-C7EC-4696-8F5A-F6AF6FD8B60D}"
EndProject
Project("{FAE04EC0-301F-11D3-BF4B-00C04F79EFBC}") = "PrintSharpPrinter", "PrintSharpPrinter\PrintSharpPrinter.csproj", "{AADB0ABA-6F17-4A0F-9AA7-FDF9576613C7}"
EndProject
Project("{FAE04EC0-301F-11D3-BF4B-00C04F79EFBC}") = "PrintSharpServer", "PrintSharpServer\PrintSharpServer.csproj", "{1840FDAD-E262-4776-BBF4-930441E78668}"
EndProject
Project("{FAE04EC0-301F-11D3-BF4B-00C04F79EFBC}") = "PrintSharpService", "PrintSharpService\PrintSharpService.csproj", "{9C28E796-26B3-430A-AF58-85159C684847}"
EndProject
Global
	GlobalSection(SolutionConfigurationPlatforms) = preSolution
		Debug|Any CPU = Debug|Any CPU
		Release|Any CPU = Release|Any CPU
	EndGlobalSection
	GlobalSection(ProjectConfigurationPlatforms) = postSolution
		{C8FCA3A3-C7EC-4696-8F5A-F6AF6FD8B60D}.Debug|Any CPU.ActiveCfg = Debug|Any CPU
		{C8FCA3A3-C7EC-4696-8F5A-F6AF6FD8B60D}.Debug|Any CPU.Build.0 = Debug|Any CPU
		{C8FCA3A3-C7EC-4696-8F5A-F6AF6FD8B60D}.Release|Any CPU.ActiveCfg = Release|Any CPU
		{C8FCA3A3-C7EC-4696-8F5A-F6AF6FD8B60D}.Release|Any CPU.Build.0 = Release|Any CPU
		{AADB0ABA-6F17-4A0F-9AA7-FDF9576613C7}.Debug|Any CPU.ActiveCfg = Debug|Any CPU
		{AADB0ABA-6F17-4A0F-9AA7-FDF9576613C7}.Debug|Any CPU.Build.0 = Debug|Any CPU
		{AADB0ABA-6F17-4A0F-9AA7-FDF9576613C7}.Release|Any CPU.ActiveCfg = Release|Any CPU
		{AADB0ABA-6F17-4A0F-9AA7-FDF9576613C7}.Release|Any CPU.Build.0 = Release|Any CPU
		{1840FDAD-E262-4776-BBF4-930441E78668}.Debug|Any CPU.ActiveCfg = Debug|Any CPU
		{1840FDAD-E262-4776-BBF4-930441E78668}.Debug|Any CPU.Build.0 = Debug|Any CPU
		{1840FDAD-E262-4776-BBF4-930441E78668}.Release|Any CPU.ActiveCfg = Release|Any CPU
		{1840FDAD-E262-4776-BBF4-930441E78668}.Release|Any CPU.Build.0 = Release|Any CPU
		{9C28E796-26B3-430A-AF58-85159C684847}.Debug|Any CPU.ActiveCfg = Debug|Any CPU
		{9C28E796-26B3-430A-AF58-85159C684847}.Debug|Any CPU.Build.0 = Debug|Any CPU
		{9C28E796-26B3-430A-AF58-85159C684847}.Release|Any CPU.ActiveCfg = Release|Any CPU
		{9C28E796-26B3-430A-AF58-85159C684847}.Release|Any CPU.Build.0 = Release|Any CPU
	EndGlobalSection
	GlobalSection(SolutionProperties) = preSolution
		HideSolutionNode = FALSE
	EndGlobalSection
EndGlobal
